
Microsoft Visual Studio Solution File, Format Version 12.00
# Visual Studio Version 17
VisualStudioVersion = 17.5.33502.453
MinimumVisualStudioVersion = 10.0.40219.1
Project("{9A19103F-16F7-4668-BE54-9A1E7A4F7556}") = "PDSA_22._2", "PDSA_22._2.csproj", "{5ACF653A-1CB6-4819-98A1-DD0C74AE49A3}"
EndProject
Project("{9A19103F-16F7-4668-BE54-9A1E7A4F7556}") = "NUnit 3 Test Project", "..\NUnit 3 Test Project\NUnit 3 Test Project.csproj", "{5D98E818-DA89-4E05-A528-C74EC23D1BB2}"
EndProject
Global
	GlobalSection(SolutionConfigurationPlatforms) = preSolution
		Debug|Any CPU = Debug|Any CPU
		Release|Any CPU = Release|Any CPU
	EndGlobalSection
	GlobalSection(ProjectConfigurationPlatforms) = postSolution
		{5ACF653A-1CB6-4819-98A1-DD0C74AE49A3}.Debug|Any CPU.ActiveCfg = Debug|Any CPU
		{5ACF653A-1CB6-4819-98A1-DD0C74AE49A3}.Debug|Any CPU.Build.0 = Debug|Any CPU
		{5ACF653A-1CB6-4819-98A1-DD0C74AE49A3}.Release|Any CPU.ActiveCfg = Release|Any CPU
		{5ACF653A-1CB6-4819-98A1-DD0C74AE49A3}.Release|Any CPU.Build.0 = Release|Any CPU
		{5D98E818-DA89-4E05-A528-C74EC23D1BB2}.Debug|Any CPU.ActiveCfg = Debug|Any CPU
		{5D98E818-DA89-4E05-A528-C74EC23D1BB2}.Debug|Any CPU.Build.0 = Debug|Any CPU
		{5D98E818-DA89-4E05-A528-C74EC23D1BB2}.Release|Any CPU.ActiveCfg = Release|Any CPU
		{5D98E818-DA89-4E05-A528-C74EC23D1BB2}.Release|Any CPU.Build.0 = Release|Any CPU
	EndGlobalSection
	GlobalSection(SolutionProperties) = preSolution
		HideSolutionNode = FALSE
	EndGlobalSection
	GlobalSection(ExtensibilityGlobals) = postSolution
		SolutionGuid = {58EA5E7E-F615-4619-BDCF-9BA47DBD6FD8}
	EndGlobalSection
EndGlobal
